// !$*UTF8*$!
{
	archiveVersion = 1;
	classes = {
	};
	objectVersion = 56;
	objects = {

/* Begin PBXBuildFile section */
		1618B3812CE1271A001A6019 /* Fight_WatchApp.swift in Sources */ = {isa = PBXBuildFile; fileRef = 1618B3802CE1271A001A6019 /* Fight_WatchApp.swift */; };
		1618B3832CE1271A001A6019 /* ContentView.swift in Sources */ = {isa = PBXBuildFile; fileRef = 1618B3822CE1271A001A6019 /* ContentView.swift */; };
		1618B3852CE1271C001A6019 /* Assets.xcassets in Resources */ = {isa = PBXBuildFile; fileRef = 1618B3842CE1271C001A6019 /* Assets.xcassets */; };
		1618B3882CE1271D001A6019 /* Preview Assets.xcassets in Resources */ = {isa = PBXBuildFile; fileRef = 1618B3872CE1271D001A6019 /* Preview Assets.xcassets */; };
		1618B3922CE1271D001A6019 /* Fight_WatchTests.swift in Sources */ = {isa = PBXBuildFile; fileRef = 1618B3912CE1271D001A6019 /* Fight_WatchTests.swift */; };
		1618B39C2CE1271D001A6019 /* Fight_WatchUITests.swift in Sources */ = {isa = PBXBuildFile; fileRef = 1618B39B2CE1271D001A6019 /* Fight_WatchUITests.swift */; };
		1618B39E2CE1271D001A6019 /* Fight_WatchUITestsLaunchTests.swift in Sources */ = {isa = PBXBuildFile; fileRef = 1618B39D2CE1271D001A6019 /* Fight_WatchUITestsLaunchTests.swift */; };
		1618B3B32CE26DEA001A6019 /* Fighter.swift in Sources */ = {isa = PBXBuildFile; fileRef = 1618B3B22CE26DEA001A6019 /* Fighter.swift */; };
		1618B3B52CE26DF4001A6019 /* Fight.swift in Sources */ = {isa = PBXBuildFile; fileRef = 1618B3B42CE26DF4001A6019 /* Fight.swift */; };
		1618B3B72CE26DFB001A6019 /* FightEvent.swift in Sources */ = {isa = PBXBuildFile; fileRef = 1618B3B62CE26DFB001A6019 /* FightEvent.swift */; };
		1618B3B92CE26F06001A6019 /* EventListView.swift in Sources */ = {isa = PBXBuildFile; fileRef = 1618B3B82CE26F06001A6019 /* EventListView.swift */; };
		1618B3BB2CE26F0F001A6019 /* EventDetailView.swift in Sources */ = {isa = PBXBuildFile; fileRef = 1618B3BA2CE26F0F001A6019 /* EventDetailView.swift */; };
		1618B3BE2CE26F26001A6019 /* DescriptiveProgressView.swift in Sources */ = {isa = PBXBuildFile; fileRef = 1618B3BD2CE26F26001A6019 /* DescriptiveProgressView.swift */; };
		1618B3C12CE27109001A6019 /* FightWatchHelper.swift in Sources */ = {isa = PBXBuildFile; fileRef = 1618B3C02CE27109001A6019 /* FightWatchHelper.swift */; };
		1618B3C32CE27E4E001A6019 /* MockData.swift in Sources */ = {isa = PBXBuildFile; fileRef = 1618B3C22CE27E4E001A6019 /* MockData.swift */; };
		1618B3C52CE27F80001A6019 /* UIFont+Custom.swift in Sources */ = {isa = PBXBuildFile; fileRef = 1618B3C42CE27F80001A6019 /* UIFont+Custom.swift */; };
		1618B3C72CE29626001A6019 /* MainView.swift in Sources */ = {isa = PBXBuildFile; fileRef = 1618B3C62CE29626001A6019 /* MainView.swift */; };
		1618B3CA2CE2A250001A6019 /* AdViewModel.swift in Sources */ = {isa = PBXBuildFile; fileRef = 1618B3C92CE2A250001A6019 /* AdViewModel.swift */; };
		1618B3CD2CE2A2AA001A6019 /* GoogleMobileAds in Frameworks */ = {isa = PBXBuildFile; productRef = 1618B3CC2CE2A2AA001A6019 /* GoogleMobileAds */; };
		16E4F97F2CE3881B0053DD35 /* CustomWebView.swift in Sources */ = {isa = PBXBuildFile; fileRef = 16E4F97E2CE3881B0053DD35 /* CustomWebView.swift */; };
		16E4F9812CE3958D0053DD35 /* mma_events.json in Resources */ = {isa = PBXBuildFile; fileRef = 16E4F9802CE3958D0053DD35 /* mma_events.json */; };
		16E4F9832CE3A44F0053DD35 /* FightWatchService.swift in Sources */ = {isa = PBXBuildFile; fileRef = 16E4F9822CE3A44F0053DD35 /* FightWatchService.swift */; };
/* End PBXBuildFile section */

/* Begin PBXContainerItemProxy section */
		1618B38E2CE1271D001A6019 /* PBXContainerItemProxy */ = {
			isa = PBXContainerItemProxy;
			containerPortal = 1618B3752CE1271A001A6019 /* Project object */;
			proxyType = 1;
			remoteGlobalIDString = 1618B37C2CE1271A001A6019;
			remoteInfo = "Fight Watch";
		};
		1618B3982CE1271D001A6019 /* PBXContainerItemProxy */ = {
			isa = PBXContainerItemProxy;
			containerPortal = 1618B3752CE1271A001A6019 /* Project object */;
			proxyType = 1;
			remoteGlobalIDString = 1618B37C2CE1271A001A6019;
			remoteInfo = "Fight Watch";
		};
/* End PBXContainerItemProxy section */

/* Begin PBXFileReference section */
		1618B37D2CE1271A001A6019 /* Fight Watch.app */ = {isa = PBXFileReference; explicitFileType = wrapper.application; includeInIndex = 0; path = "Fight Watch.app"; sourceTree = BUILT_PRODUCTS_DIR; };
		1618B3802CE1271A001A6019 /* Fight_WatchApp.swift */ = {isa = PBXFileReference; lastKnownFileType = sourcecode.swift; path = Fight_WatchApp.swift; sourceTree = "<group>"; };
		1618B3822CE1271A001A6019 /* ContentView.swift */ = {isa = PBXFileReference; lastKnownFileType = sourcecode.swift; path = ContentView.swift; sourceTree = "<group>"; };
		1618B3842CE1271C001A6019 /* Assets.xcassets */ = {isa = PBXFileReference; lastKnownFileType = folder.assetcatalog; path = Assets.xcassets; sourceTree = "<group>"; };
		1618B3872CE1271D001A6019 /* Preview Assets.xcassets */ = {isa = PBXFileReference; lastKnownFileType = folder.assetcatalog; path = "Preview Assets.xcassets"; sourceTree = "<group>"; };
		1618B38D2CE1271D001A6019 /* Fight WatchTests.xctest */ = {isa = PBXFileReference; explicitFileType = wrapper.cfbundle; includeInIndex = 0; path = "Fight WatchTests.xctest"; sourceTree = BUILT_PRODUCTS_DIR; };
		1618B3912CE1271D001A6019 /* Fight_WatchTests.swift */ = {isa = PBXFileReference; lastKnownFileType = sourcecode.swift; path = Fight_WatchTests.swift; sourceTree = "<group>"; };
		1618B3972CE1271D001A6019 /* Fight WatchUITests.xctest */ = {isa = PBXFileReference; explicitFileType = wrapper.cfbundle; includeInIndex = 0; path = "Fight WatchUITests.xctest"; sourceTree = BUILT_PRODUCTS_DIR; };
		1618B39B2CE1271D001A6019 /* Fight_WatchUITests.swift */ = {isa = PBXFileReference; lastKnownFileType = sourcecode.swift; path = Fight_WatchUITests.swift; sourceTree = "<group>"; };
		1618B39D2CE1271D001A6019 /* Fight_WatchUITestsLaunchTests.swift */ = {isa = PBXFileReference; lastKnownFileType = sourcecode.swift; path = Fight_WatchUITestsLaunchTests.swift; sourceTree = "<group>"; };
		1618B3AA2CE12760001A6019 /* DEVLOG.md */ = {isa = PBXFileReference; lastKnownFileType = net.daringfireball.markdown; path = DEVLOG.md; sourceTree = "<group>"; };
		1618B3B22CE26DEA001A6019 /* Fighter.swift */ = {isa = PBXFileReference; lastKnownFileType = sourcecode.swift; path = Fighter.swift; sourceTree = "<group>"; };
		1618B3B42CE26DF4001A6019 /* Fight.swift */ = {isa = PBXFileReference; lastKnownFileType = sourcecode.swift; path = Fight.swift; sourceTree = "<group>"; };
		1618B3B62CE26DFB001A6019 /* FightEvent.swift */ = {isa = PBXFileReference; lastKnownFileType = sourcecode.swift; path = FightEvent.swift; sourceTree = "<group>"; };
		1618B3B82CE26F06001A6019 /* EventListView.swift */ = {isa = PBXFileReference; lastKnownFileType = sourcecode.swift; path = EventListView.swift; sourceTree = "<group>"; };
		1618B3BA2CE26F0F001A6019 /* EventDetailView.swift */ = {isa = PBXFileReference; lastKnownFileType = sourcecode.swift; path = EventDetailView.swift; sourceTree = "<group>"; };
		1618B3BD2CE26F26001A6019 /* DescriptiveProgressView.swift */ = {isa = PBXFileReference; lastKnownFileType = sourcecode.swift; path = DescriptiveProgressView.swift; sourceTree = "<group>"; };
		1618B3C02CE27109001A6019 /* FightWatchHelper.swift */ = {isa = PBXFileReference; lastKnownFileType = sourcecode.swift; path = FightWatchHelper.swift; sourceTree = "<group>"; };
		1618B3C22CE27E4E001A6019 /* MockData.swift */ = {isa = PBXFileReference; lastKnownFileType = sourcecode.swift; path = MockData.swift; sourceTree = "<group>"; };
		1618B3C42CE27F80001A6019 /* UIFont+Custom.swift */ = {isa = PBXFileReference; lastKnownFileType = sourcecode.swift; path = "UIFont+Custom.swift"; sourceTree = "<group>"; };
		1618B3C62CE29626001A6019 /* MainView.swift */ = {isa = PBXFileReference; lastKnownFileType = sourcecode.swift; path = MainView.swift; sourceTree = "<group>"; };
		1618B3C92CE2A250001A6019 /* AdViewModel.swift */ = {isa = PBXFileReference; lastKnownFileType = sourcecode.swift; path = AdViewModel.swift; sourceTree = "<group>"; };
		1618B3CE2CE2A2BB001A6019 /* Fight-Watch-Info.plist */ = {isa = PBXFileReference; lastKnownFileType = text.plist; path = "Fight-Watch-Info.plist"; sourceTree = SOURCE_ROOT; };
		16E4F97E2CE3881B0053DD35 /* CustomWebView.swift */ = {isa = PBXFileReference; lastKnownFileType = sourcecode.swift; path = CustomWebView.swift; sourceTree = "<group>"; };
		16E4F9802CE3958D0053DD35 /* mma_events.json */ = {isa = PBXFileReference; fileEncoding = 4; lastKnownFileType = text.json; path = mma_events.json; sourceTree = "<group>"; };
		16E4F9822CE3A44F0053DD35 /* FightWatchService.swift */ = {isa = PBXFileReference; lastKnownFileType = sourcecode.swift; path = FightWatchService.swift; sourceTree = "<group>"; };
/* End PBXFileReference section */

/* Begin PBXFrameworksBuildPhase section */
		1618B37A2CE1271A001A6019 /* Frameworks */ = {
			isa = PBXFrameworksBuildPhase;
			buildActionMask = 2147483647;
			files = (
				1618B3CD2CE2A2AA001A6019 /* GoogleMobileAds in Frameworks */,
			);
			runOnlyForDeploymentPostprocessing = 0;
		};
		1618B38A2CE1271D001A6019 /* Frameworks */ = {
			isa = PBXFrameworksBuildPhase;
			buildActionMask = 2147483647;
			files = (
			);
			runOnlyForDeploymentPostprocessing = 0;
		};
		1618B3942CE1271D001A6019 /* Frameworks */ = {
			isa = PBXFrameworksBuildPhase;
			buildActionMask = 2147483647;
			files = (
			);
			runOnlyForDeploymentPostprocessing = 0;
		};
/* End PBXFrameworksBuildPhase section */

/* Begin PBXGroup section */
		1618B3742CE1271A001A6019 = {
			isa = PBXGroup;
			children = (
				1618B3AA2CE12760001A6019 /* DEVLOG.md */,
				1618B37F2CE1271A001A6019 /* Fight Watch */,
				1618B3902CE1271D001A6019 /* Fight WatchTests */,
				1618B39A2CE1271D001A6019 /* Fight WatchUITests */,
				1618B37E2CE1271A001A6019 /* Products */,
			);
			sourceTree = "<group>";
		};
		1618B37E2CE1271A001A6019 /* Products */ = {
			isa = PBXGroup;
			children = (
				1618B37D2CE1271A001A6019 /* Fight Watch.app */,
				1618B38D2CE1271D001A6019 /* Fight WatchTests.xctest */,
				1618B3972CE1271D001A6019 /* Fight WatchUITests.xctest */,
			);
			name = Products;
			sourceTree = "<group>";
		};
		1618B37F2CE1271A001A6019 /* Fight Watch */ = {
			isa = PBXGroup;
			children = (
				1618B3CE2CE2A2BB001A6019 /* Fight-Watch-Info.plist */,
				1618B3C82CE2A243001A6019 /* ViewModel */,
				1618B3BF2CE27100001A6019 /* Util */,
				1618B3AD2CE12922001A6019 /* Model */,
				1618B3AC2CE1291E001A6019 /* Data */,
				1618B3AB2CE12916001A6019 /* View */,
				1618B3802CE1271A001A6019 /* Fight_WatchApp.swift */,
				1618B3822CE1271A001A6019 /* ContentView.swift */,
				1618B3842CE1271C001A6019 /* Assets.xcassets */,
				1618B3862CE1271D001A6019 /* Preview Content */,
			);
			path = "Fight Watch";
			sourceTree = "<group>";
		};
		1618B3862CE1271D001A6019 /* Preview Content */ = {
			isa = PBXGroup;
			children = (
				1618B3872CE1271D001A6019 /* Preview Assets.xcassets */,
			);
			path = "Preview Content";
			sourceTree = "<group>";
		};
		1618B3902CE1271D001A6019 /* Fight WatchTests */ = {
			isa = PBXGroup;
			children = (
				1618B3912CE1271D001A6019 /* Fight_WatchTests.swift */,
			);
			path = "Fight WatchTests";
			sourceTree = "<group>";
		};
		1618B39A2CE1271D001A6019 /* Fight WatchUITests */ = {
			isa = PBXGroup;
			children = (
				1618B39B2CE1271D001A6019 /* Fight_WatchUITests.swift */,
				1618B39D2CE1271D001A6019 /* Fight_WatchUITestsLaunchTests.swift */,
			);
			path = "Fight WatchUITests";
			sourceTree = "<group>";
		};
		1618B3AB2CE12916001A6019 /* View */ = {
			isa = PBXGroup;
			children = (
				1618B3BC2CE26F1A001A6019 /* Components */,
				1618B3C62CE29626001A6019 /* MainView.swift */,
				1618B3B82CE26F06001A6019 /* EventListView.swift */,
				1618B3BA2CE26F0F001A6019 /* EventDetailView.swift */,
			);
			path = View;
			sourceTree = "<group>";
		};
		1618B3AC2CE1291E001A6019 /* Data */ = {
			isa = PBXGroup;
			children = (
				16E4F9802CE3958D0053DD35 /* mma_events.json */,
				1618B3C22CE27E4E001A6019 /* MockData.swift */,
				16E4F9822CE3A44F0053DD35 /* FightWatchService.swift */,
			);
			path = Data;
			sourceTree = "<group>";
		};
		1618B3AD2CE12922001A6019 /* Model */ = {
			isa = PBXGroup;
			children = (
				1618B3B22CE26DEA001A6019 /* Fighter.swift */,
				1618B3B42CE26DF4001A6019 /* Fight.swift */,
				1618B3B62CE26DFB001A6019 /* FightEvent.swift */,
			);
			path = Model;
			sourceTree = "<group>";
		};
		1618B3BC2CE26F1A001A6019 /* Components */ = {
			isa = PBXGroup;
			children = (
				1618B3BD2CE26F26001A6019 /* DescriptiveProgressView.swift */,
				16E4F97E2CE3881B0053DD35 /* CustomWebView.swift */,
			);
			path = Components;
			sourceTree = "<group>";
		};
		1618B3BF2CE27100001A6019 /* Util */ = {
			isa = PBXGroup;
			children = (
				1618B3C02CE27109001A6019 /* FightWatchHelper.swift */,
				1618B3C42CE27F80001A6019 /* UIFont+Custom.swift */,
			);
			path = Util;
			sourceTree = "<group>";
		};
		1618B3C82CE2A243001A6019 /* ViewModel */ = {
			isa = PBXGroup;
			children = (
				1618B3C92CE2A250001A6019 /* AdViewModel.swift */,
			);
			path = ViewModel;
			sourceTree = "<group>";
		};
/* End PBXGroup section */

/* Begin PBXNativeTarget section */
		1618B37C2CE1271A001A6019 /* Fight Watch */ = {
			isa = PBXNativeTarget;
			buildConfigurationList = 1618B3A12CE1271D001A6019 /* Build configuration list for PBXNativeTarget "Fight Watch" */;
			buildPhases = (
				1618B3792CE1271A001A6019 /* Sources */,
				1618B37A2CE1271A001A6019 /* Frameworks */,
				1618B37B2CE1271A001A6019 /* Resources */,
			);
			buildRules = (
			);
			dependencies = (
			);
			name = "Fight Watch";
			packageProductDependencies = (
				1618B3CC2CE2A2AA001A6019 /* GoogleMobileAds */,
			);
			productName = "Fight Watch";
			productReference = 1618B37D2CE1271A001A6019 /* Fight Watch.app */;
			productType = "com.apple.product-type.application";
		};
		1618B38C2CE1271D001A6019 /* Fight WatchTests */ = {
			isa = PBXNativeTarget;
			buildConfigurationList = 1618B3A42CE1271D001A6019 /* Build configuration list for PBXNativeTarget "Fight WatchTests" */;
			buildPhases = (
				1618B3892CE1271D001A6019 /* Sources */,
				1618B38A2CE1271D001A6019 /* Frameworks */,
				1618B38B2CE1271D001A6019 /* Resources */,
			);
			buildRules = (
			);
			dependencies = (
				1618B38F2CE1271D001A6019 /* PBXTargetDependency */,
			);
			name = "Fight WatchTests";
			productName = "Fight WatchTests";
			productReference = 1618B38D2CE1271D001A6019 /* Fight WatchTests.xctest */;
			productType = "com.apple.product-type.bundle.unit-test";
		};
		1618B3962CE1271D001A6019 /* Fight WatchUITests */ = {
			isa = PBXNativeTarget;
			buildConfigurationList = 1618B3A72CE1271D001A6019 /* Build configuration list for PBXNativeTarget "Fight WatchUITests" */;
			buildPhases = (
				1618B3932CE1271D001A6019 /* Sources */,
				1618B3942CE1271D001A6019 /* Frameworks */,
				1618B3952CE1271D001A6019 /* Resources */,
			);
			buildRules = (
			);
			dependencies = (
				1618B3992CE1271D001A6019 /* PBXTargetDependency */,
			);
			name = "Fight WatchUITests";
			productName = "Fight WatchUITests";
			productReference = 1618B3972CE1271D001A6019 /* Fight WatchUITests.xctest */;
			productType = "com.apple.product-type.bundle.ui-testing";
		};
/* End PBXNativeTarget section */

/* Begin PBXProject section */
		1618B3752CE1271A001A6019 /* Project object */ = {
			isa = PBXProject;
			attributes = {
				BuildIndependentTargetsInParallel = 1;
				LastSwiftUpdateCheck = 1500;
				LastUpgradeCheck = 1500;
				TargetAttributes = {
					1618B37C2CE1271A001A6019 = {
						CreatedOnToolsVersion = 15.0;
					};
					1618B38C2CE1271D001A6019 = {
						CreatedOnToolsVersion = 15.0;
						TestTargetID = 1618B37C2CE1271A001A6019;
					};
					1618B3962CE1271D001A6019 = {
						CreatedOnToolsVersion = 15.0;
						TestTargetID = 1618B37C2CE1271A001A6019;
					};
				};
			};
			buildConfigurationList = 1618B3782CE1271A001A6019 /* Build configuration list for PBXProject "Fight Watch" */;
			compatibilityVersion = "Xcode 14.0";
			developmentRegion = en;
			hasScannedForEncodings = 0;
			knownRegions = (
				en,
				Base,
			);
			mainGroup = 1618B3742CE1271A001A6019;
			packageReferences = (
				1618B3CB2CE2A2AA001A6019 /* XCRemoteSwiftPackageReference "swift-package-manager-google-mobile-ads" */,
			);
			productRefGroup = 1618B37E2CE1271A001A6019 /* Products */;
			projectDirPath = "";
			projectRoot = "";
			targets = (
				1618B37C2CE1271A001A6019 /* Fight Watch */,
				1618B38C2CE1271D001A6019 /* Fight WatchTests */,
				1618B3962CE1271D001A6019 /* Fight WatchUITests */,
			);
		};
/* End PBXProject section */

/* Begin PBXResourcesBuildPhase section */
		1618B37B2CE1271A001A6019 /* Resources */ = {
			isa = PBXResourcesBuildPhase;
			buildActionMask = 2147483647;
			files = (
				16E4F9812CE3958D0053DD35 /* mma_events.json in Resources */,
				1618B3882CE1271D001A6019 /* Preview Assets.xcassets in Resources */,
				1618B3852CE1271C001A6019 /* Assets.xcassets in Resources */,
			);
			runOnlyForDeploymentPostprocessing = 0;
		};
		1618B38B2CE1271D001A6019 /* Resources */ = {
			isa = PBXResourcesBuildPhase;
			buildActionMask = 2147483647;
			files = (
			);
			runOnlyForDeploymentPostprocessing = 0;
		};
		1618B3952CE1271D001A6019 /* Resources */ = {
			isa = PBXResourcesBuildPhase;
			buildActionMask = 2147483647;
			files = (
			);
			runOnlyForDeploymentPostprocessing = 0;
		};
/* End PBXResourcesBuildPhase section */

/* Begin PBXSourcesBuildPhase section */
		1618B3792CE1271A001A6019 /* Sources */ = {
			isa = PBXSourcesBuildPhase;
			buildActionMask = 2147483647;
			files = (
				1618B3B52CE26DF4001A6019 /* Fight.swift in Sources */,
				1618B3C72CE29626001A6019 /* MainView.swift in Sources */,
				1618B3B92CE26F06001A6019 /* EventListView.swift in Sources */,
				1618B3BE2CE26F26001A6019 /* DescriptiveProgressView.swift in Sources */,
				1618B3C12CE27109001A6019 /* FightWatchHelper.swift in Sources */,
				16E4F9832CE3A44F0053DD35 /* FightWatchService.swift in Sources */,
				1618B3832CE1271A001A6019 /* ContentView.swift in Sources */,
				1618B3B32CE26DEA001A6019 /* Fighter.swift in Sources */,
				1618B3812CE1271A001A6019 /* Fight_WatchApp.swift in Sources */,
				1618B3B72CE26DFB001A6019 /* FightEvent.swift in Sources */,
				1618B3BB2CE26F0F001A6019 /* EventDetailView.swift in Sources */,
				1618B3C52CE27F80001A6019 /* UIFont+Custom.swift in Sources */,
				1618B3CA2CE2A250001A6019 /* AdViewModel.swift in Sources */,
				16E4F97F2CE3881B0053DD35 /* CustomWebView.swift in Sources */,
				1618B3C32CE27E4E001A6019 /* MockData.swift in Sources */,
			);
			runOnlyForDeploymentPostprocessing = 0;
		};
		1618B3892CE1271D001A6019 /* Sources */ = {
			isa = PBXSourcesBuildPhase;
			buildActionMask = 2147483647;
			files = (
				1618B3922CE1271D001A6019 /* Fight_WatchTests.swift in Sources */,
			);
			runOnlyForDeploymentPostprocessing = 0;
		};
		1618B3932CE1271D001A6019 /* Sources */ = {
			isa = PBXSourcesBuildPhase;
			buildActionMask = 2147483647;
			files = (
				1618B39C2CE1271D001A6019 /* Fight_WatchUITests.swift in Sources */,
				1618B39E2CE1271D001A6019 /* Fight_WatchUITestsLaunchTests.swift in Sources */,
			);
			runOnlyForDeploymentPostprocessing = 0;
		};
/* End PBXSourcesBuildPhase section */

/* Begin PBXTargetDependency section */
		1618B38F2CE1271D001A6019 /* PBXTargetDependency */ = {
			isa = PBXTargetDependency;
			target = 1618B37C2CE1271A001A6019 /* Fight Watch */;
			targetProxy = 1618B38E2CE1271D001A6019 /* PBXContainerItemProxy */;
		};
		1618B3992CE1271D001A6019 /* PBXTargetDependency */ = {
			isa = PBXTargetDependency;
			target = 1618B37C2CE1271A001A6019 /* Fight Watch */;
			targetProxy = 1618B3982CE1271D001A6019 /* PBXContainerItemProxy */;
		};
/* End PBXTargetDependency section */

/* Begin XCBuildConfiguration section */
		1618B39F2CE1271D001A6019 /* Debug */ = {
			isa = XCBuildConfiguration;
			buildSettings = {
				ALWAYS_SEARCH_USER_PATHS = NO;
				ASSETCATALOG_COMPILER_GENERATE_SWIFT_ASSET_SYMBOL_EXTENSIONS = YES;
				CLANG_ANALYZER_NONNULL = YES;
				CLANG_ANALYZER_NUMBER_OBJECT_CONVERSION = YES_AGGRESSIVE;
				CLANG_CXX_LANGUAGE_STANDARD = "gnu++20";
				CLANG_ENABLE_MODULES = YES;
				CLANG_ENABLE_OBJC_ARC = YES;
				CLANG_ENABLE_OBJC_WEAK = YES;
				CLANG_WARN_BLOCK_CAPTURE_AUTORELEASING = YES;
				CLANG_WARN_BOOL_CONVERSION = YES;
				CLANG_WARN_COMMA = YES;
				CLANG_WARN_CONSTANT_CONVERSION = YES;
				CLANG_WARN_DEPRECATED_OBJC_IMPLEMENTATIONS = YES;
				CLANG_WARN_DIRECT_OBJC_ISA_USAGE = YES_ERROR;
				CLANG_WARN_DOCUMENTATION_COMMENTS = YES;
				CLANG_WARN_EMPTY_BODY = YES;
				CLANG_WARN_ENUM_CONVERSION = YES;
				CLANG_WARN_INFINITE_RECURSION = YES;
				CLANG_WARN_INT_CONVERSION = YES;
				CLANG_WARN_NON_LITERAL_NULL_CONVERSION = YES;
				CLANG_WARN_OBJC_IMPLICIT_RETAIN_SELF = YES;
				CLANG_WARN_OBJC_LITERAL_CONVERSION = YES;
				CLANG_WARN_OBJC_ROOT_CLASS = YES_ERROR;
				CLANG_WARN_QUOTED_INCLUDE_IN_FRAMEWORK_HEADER = YES;
				CLANG_WARN_RANGE_LOOP_ANALYSIS = YES;
				CLANG_WARN_STRICT_PROTOTYPES = YES;
				CLANG_WARN_SUSPICIOUS_MOVE = YES;
				CLANG_WARN_UNGUARDED_AVAILABILITY = YES_AGGRESSIVE;
				CLANG_WARN_UNREACHABLE_CODE = YES;
				CLANG_WARN__DUPLICATE_METHOD_MATCH = YES;
				COPY_PHASE_STRIP = NO;
				DEBUG_INFORMATION_FORMAT = dwarf;
				ENABLE_STRICT_OBJC_MSGSEND = YES;
				ENABLE_TESTABILITY = YES;
				ENABLE_USER_SCRIPT_SANDBOXING = YES;
				GCC_C_LANGUAGE_STANDARD = gnu17;
				GCC_DYNAMIC_NO_PIC = NO;
				GCC_NO_COMMON_BLOCKS = YES;
				GCC_OPTIMIZATION_LEVEL = 0;
				GCC_PREPROCESSOR_DEFINITIONS = (
					"DEBUG=1",
					"$(inherited)",
				);
				GCC_WARN_64_TO_32_BIT_CONVERSION = YES;
				GCC_WARN_ABOUT_RETURN_TYPE = YES_ERROR;
				GCC_WARN_UNDECLARED_SELECTOR = YES;
				GCC_WARN_UNINITIALIZED_AUTOS = YES_AGGRESSIVE;
				GCC_WARN_UNUSED_FUNCTION = YES;
				GCC_WARN_UNUSED_VARIABLE = YES;
				IPHONEOS_DEPLOYMENT_TARGET = 17.0;
				LOCALIZATION_PREFERS_STRING_CATALOGS = YES;
				MTL_ENABLE_DEBUG_INFO = INCLUDE_SOURCE;
				MTL_FAST_MATH = YES;
				ONLY_ACTIVE_ARCH = YES;
				SDKROOT = iphoneos;
				SWIFT_ACTIVE_COMPILATION_CONDITIONS = "DEBUG $(inherited)";
				SWIFT_OPTIMIZATION_LEVEL = "-Onone";
			};
			name = Debug;
		};
		1618B3A02CE1271D001A6019 /* Release */ = {
			isa = XCBuildConfiguration;
			buildSettings = {
				ALWAYS_SEARCH_USER_PATHS = NO;
				ASSETCATALOG_COMPILER_GENERATE_SWIFT_ASSET_SYMBOL_EXTENSIONS = YES;
				CLANG_ANALYZER_NONNULL = YES;
				CLANG_ANALYZER_NUMBER_OBJECT_CONVERSION = YES_AGGRESSIVE;
				CLANG_CXX_LANGUAGE_STANDARD = "gnu++20";
				CLANG_ENABLE_MODULES = YES;
				CLANG_ENABLE_OBJC_ARC = YES;
				CLANG_ENABLE_OBJC_WEAK = YES;
				CLANG_WARN_BLOCK_CAPTURE_AUTORELEASING = YES;
				CLANG_WARN_BOOL_CONVERSION = YES;
				CLANG_WARN_COMMA = YES;
				CLANG_WARN_CONSTANT_CONVERSION = YES;
				CLANG_WARN_DEPRECATED_OBJC_IMPLEMENTATIONS = YES;
				CLANG_WARN_DIRECT_OBJC_ISA_USAGE = YES_ERROR;
				CLANG_WARN_DOCUMENTATION_COMMENTS = YES;
				CLANG_WARN_EMPTY_BODY = YES;
				CLANG_WARN_ENUM_CONVERSION = YES;
				CLANG_WARN_INFINITE_RECURSION = YES;
				CLANG_WARN_INT_CONVERSION = YES;
				CLANG_WARN_NON_LITERAL_NULL_CONVERSION = YES;
				CLANG_WARN_OBJC_IMPLICIT_RETAIN_SELF = YES;
				CLANG_WARN_OBJC_LITERAL_CONVERSION = YES;
				CLANG_WARN_OBJC_ROOT_CLASS = YES_ERROR;
				CLANG_WARN_QUOTED_INCLUDE_IN_FRAMEWORK_HEADER = YES;
				CLANG_WARN_RANGE_LOOP_ANALYSIS = YES;
				CLANG_WARN_STRICT_PROTOTYPES = YES;
				CLANG_WARN_SUSPICIOUS_MOVE = YES;
				CLANG_WARN_UNGUARDED_AVAILABILITY = YES_AGGRESSIVE;
				CLANG_WARN_UNREACHABLE_CODE = YES;
				CLANG_WARN__DUPLICATE_METHOD_MATCH = YES;
				COPY_PHASE_STRIP = NO;
				DEBUG_INFORMATION_FORMAT = "dwarf-with-dsym";
				ENABLE_NS_ASSERTIONS = NO;
				ENABLE_STRICT_OBJC_MSGSEND = YES;
				ENABLE_USER_SCRIPT_SANDBOXING = YES;
				GCC_C_LANGUAGE_STANDARD = gnu17;
				GCC_NO_COMMON_BLOCKS = YES;
				GCC_WARN_64_TO_32_BIT_CONVERSION = YES;
				GCC_WARN_ABOUT_RETURN_TYPE = YES_ERROR;
				GCC_WARN_UNDECLARED_SELECTOR = YES;
				GCC_WARN_UNINITIALIZED_AUTOS = YES_AGGRESSIVE;
				GCC_WARN_UNUSED_FUNCTION = YES;
				GCC_WARN_UNUSED_VARIABLE = YES;
				IPHONEOS_DEPLOYMENT_TARGET = 17.0;
				LOCALIZATION_PREFERS_STRING_CATALOGS = YES;
				MTL_ENABLE_DEBUG_INFO = NO;
				MTL_FAST_MATH = YES;
				SDKROOT = iphoneos;
				SWIFT_COMPILATION_MODE = wholemodule;
				VALIDATE_PRODUCT = YES;
			};
			name = Release;
		};
		1618B3A22CE1271D001A6019 /* Debug */ = {
			isa = XCBuildConfiguration;
			buildSettings = {
				ASSETCATALOG_COMPILER_APPICON_NAME = AppIcon;
				ASSETCATALOG_COMPILER_GLOBAL_ACCENT_COLOR_NAME = AccentColor;
				CODE_SIGN_STYLE = Automatic;
				CURRENT_PROJECT_VERSION = 1;
				DEVELOPMENT_ASSET_PATHS = "\"Fight Watch/Preview Content\"";
				DEVELOPMENT_TEAM = 6F6J9E4SZ2;
				ENABLE_PREVIEWS = YES;
				GENERATE_INFOPLIST_FILE = YES;
				INFOPLIST_FILE = "Fight-Watch-Info.plist";
				INFOPLIST_KEY_CFBundleDisplayName = "Fight Watch";
				INFOPLIST_KEY_LSApplicationCategoryType = "public.app-category.entertainment";
				INFOPLIST_KEY_NSUserTrackingUsageDescription = "We use tracking to improve your experience by providing personalized content and ads.We use tracking to improve your experience by providing personalized content and ads.";
				INFOPLIST_KEY_UIApplicationSceneManifest_Generation = YES;
				INFOPLIST_KEY_UIApplicationSupportsIndirectInputEvents = YES;
				INFOPLIST_KEY_UISupportedInterfaceOrientations = "UIInterfaceOrientationLandscapeLeft UIInterfaceOrientationLandscapeRight UIInterfaceOrientationPortrait UIInterfaceOrientationPortraitUpsideDown";
				LD_RUNPATH_SEARCH_PATHS = (
					"$(inherited)",
					"@executable_path/Frameworks",
				);
				MARKETING_VERSION = 1.0;
				PRODUCT_BUNDLE_IDENTIFIER = "com.daveyg.fight-watcher1";
				PRODUCT_NAME = "$(TARGET_NAME)";
				SUPPORTED_PLATFORMS = "iphoneos iphonesimulator";
				SUPPORTS_MACCATALYST = NO;
				SUPPORTS_MAC_DESIGNED_FOR_IPHONE_IPAD = NO;
				SWIFT_EMIT_LOC_STRINGS = YES;
				SWIFT_VERSION = 5.0;
				TARGETED_DEVICE_FAMILY = 1;
			};
			name = Debug;
		};
		1618B3A32CE1271D001A6019 /* Release */ = {
			isa = XCBuildConfiguration;
			buildSettings = {
				ASSETCATALOG_COMPILER_APPICON_NAME = AppIcon;
				ASSETCATALOG_COMPILER_GLOBAL_ACCENT_COLOR_NAME = AccentColor;
				CODE_SIGN_STYLE = Automatic;
				CURRENT_PROJECT_VERSION = 1;
				DEVELOPMENT_ASSET_PATHS = "\"Fight Watch/Preview Content\"";
				DEVELOPMENT_TEAM = 6F6J9E4SZ2;
				ENABLE_PREVIEWS = YES;
				GENERATE_INFOPLIST_FILE = YES;
				INFOPLIST_FILE = "Fight-Watch-Info.plist";
				INFOPLIST_KEY_CFBundleDisplayName = "Fight Watch";
				INFOPLIST_KEY_LSApplicationCategoryType = "public.app-category.entertainment";
				INFOPLIST_KEY_NSUserTrackingUsageDescription = "We use tracking to improve your experience by providing personalized content and ads.We use tracking to improve your experience by providing personalized content and ads.";
				INFOPLIST_KEY_UIApplicationSceneManifest_Generation = YES;
				INFOPLIST_KEY_UIApplicationSupportsIndirectInputEvents = YES;
				INFOPLIST_KEY_UISupportedInterfaceOrientations = "UIInterfaceOrientationLandscapeLeft UIInterfaceOrientationLandscapeRight UIInterfaceOrientationPortrait UIInterfaceOrientationPortraitUpsideDown";
				LD_RUNPATH_SEARCH_PATHS = (
					"$(inherited)",
					"@executable_path/Frameworks",
				);
				MARKETING_VERSION = 1.0;
				PRODUCT_BUNDLE_IDENTIFIER = "com.daveyg.fight-watcher1";
				PRODUCT_NAME = "$(TARGET_NAME)";
				SUPPORTED_PLATFORMS = "iphoneos iphonesimulator";
				SUPPORTS_MACCATALYST = NO;
				SUPPORTS_MAC_DESIGNED_FOR_IPHONE_IPAD = NO;
				SWIFT_EMIT_LOC_STRINGS = YES;
				SWIFT_VERSION = 5.0;
				TARGETED_DEVICE_FAMILY = 1;
			};
			name = Release;
		};
		1618B3A52CE1271D001A6019 /* Debug */ = {
			isa = XCBuildConfiguration;
			buildSettings = {
				ALWAYS_EMBED_SWIFT_STANDARD_LIBRARIES = YES;
				BUNDLE_LOADER = "$(TEST_HOST)";
				CODE_SIGN_STYLE = Automatic;
				CURRENT_PROJECT_VERSION = 1;
				DEVELOPMENT_TEAM = HY3LPP8363;
				GENERATE_INFOPLIST_FILE = YES;
				IPHONEOS_DEPLOYMENT_TARGET = 17.0;
				MARKETING_VERSION = 1.0;
				PRODUCT_BUNDLE_IDENTIFIER = "daveyg.Fight-WatchTests";
				PRODUCT_NAME = "$(TARGET_NAME)";
				SWIFT_EMIT_LOC_STRINGS = NO;
				SWIFT_VERSION = 5.0;
				TARGETED_DEVICE_FAMILY = "1,2";
				TEST_HOST = "$(BUILT_PRODUCTS_DIR)/Fight Watch.app/$(BUNDLE_EXECUTABLE_FOLDER_PATH)/Fight Watch";
			};
			name = Debug;
		};
		1618B3A62CE1271D001A6019 /* Release */ = {
			isa = XCBuildConfiguration;
			buildSettings = {
				ALWAYS_EMBED_SWIFT_STANDARD_LIBRARIES = YES;
				BUNDLE_LOADER = "$(TEST_HOST)";
				CODE_SIGN_STYLE = Automatic;
				CURRENT_PROJECT_VERSION = 1;
				DEVELOPMENT_TEAM = HY3LPP8363;
				GENERATE_INFOPLIST_FILE = YES;
				IPHONEOS_DEPLOYMENT_TARGET = 17.0;
				MARKETING_VERSION = 1.0;
				PRODUCT_BUNDLE_IDENTIFIER = "daveyg.Fight-WatchTests";
				PRODUCT_NAME = "$(TARGET_NAME)";
				SWIFT_EMIT_LOC_STRINGS = NO;
				SWIFT_VERSION = 5.0;
				TARGETED_DEVICE_FAMILY = "1,2";
				TEST_HOST = "$(BUILT_PRODUCTS_DIR)/Fight Watch.app/$(BUNDLE_EXECUTABLE_FOLDER_PATH)/Fight Watch";
			};
			name = Release;
		};
		1618B3A82CE1271D001A6019 /* Debug */ = {
			isa = XCBuildConfiguration;
			buildSettings = {
				ALWAYS_EMBED_SWIFT_STANDARD_LIBRARIES = YES;
				CODE_SIGN_STYLE = Automatic;
				CURRENT_PROJECT_VERSION = 1;
				DEVELOPMENT_TEAM = HY3LPP8363;
				GENERATE_INFOPLIST_FILE = YES;
				MARKETING_VERSION = 1.0;
				PRODUCT_BUNDLE_IDENTIFIER = "daveyg.Fight-WatchUITests";
				PRODUCT_NAME = "$(TARGET_NAME)";
				SWIFT_EMIT_LOC_STRINGS = NO;
				SWIFT_VERSION = 5.0;
				TARGETED_DEVICE_FAMILY = "1,2";
				TEST_TARGET_NAME = "Fight Watch";
			};
			name = Debug;
		};
		1618B3A92CE1271D001A6019 /* Release */ = {
			isa = XCBuildConfiguration;
			buildSettings = {
				ALWAYS_EMBED_SWIFT_STANDARD_LIBRARIES = YES;
				CODE_SIGN_STYLE = Automatic;
				CURRENT_PROJECT_VERSION = 1;
				DEVELOPMENT_TEAM = HY3LPP8363;
				GENERATE_INFOPLIST_FILE = YES;
				MARKETING_VERSION = 1.0;
				PRODUCT_BUNDLE_IDENTIFIER = "daveyg.Fight-WatchUITests";
				PRODUCT_NAME = "$(TARGET_NAME)";
				SWIFT_EMIT_LOC_STRINGS = NO;
				SWIFT_VERSION = 5.0;
				TARGETED_DEVICE_FAMILY = "1,2";
				TEST_TARGET_NAME = "Fight Watch";
			};
			name = Release;
		};
/* End XCBuildConfiguration section */

/* Begin XCConfigurationList section */
		1618B3782CE1271A001A6019 /* Build configuration list for PBXProject "Fight Watch" */ = {
			isa = XCConfigurationList;
			buildConfigurations = (
				1618B39F2CE1271D001A6019 /* Debug */,
				1618B3A02CE1271D001A6019 /* Release */,
			);
			defaultConfigurationIsVisible = 0;
			defaultConfigurationName = Release;
		};
		1618B3A12CE1271D001A6019 /* Build configuration list for PBXNativeTarget "Fight Watch" */ = {
			isa = XCConfigurationList;
			buildConfigurations = (
				1618B3A22CE1271D001A6019 /* Debug */,
				1618B3A32CE1271D001A6019 /* Release */,
			);
			defaultConfigurationIsVisible = 0;
			defaultConfigurationName = Release;
		};
		1618B3A42CE1271D001A6019 /* Build configuration list for PBXNativeTarget "Fight WatchTests" */ = {
			isa = XCConfigurationList;
			buildConfigurations = (
				1618B3A52CE1271D001A6019 /* Debug */,
				1618B3A62CE1271D001A6019 /* Release */,
			);
			defaultConfigurationIsVisible = 0;
			defaultConfigurationName = Release;
		};
		1618B3A72CE1271D001A6019 /* Build configuration list for PBXNativeTarget "Fight WatchUITests" */ = {
			isa = XCConfigurationList;
			buildConfigurations = (
				1618B3A82CE1271D001A6019 /* Debug */,
				1618B3A92CE1271D001A6019 /* Release */,
			);
			defaultConfigurationIsVisible = 0;
			defaultConfigurationName = Release;
		};
/* End XCConfigurationList section */

/* Begin XCRemoteSwiftPackageReference section */
		1618B3CB2CE2A2AA001A6019 /* XCRemoteSwiftPackageReference "swift-package-manager-google-mobile-ads" */ = {
			isa = XCRemoteSwiftPackageReference;
			repositoryURL = "https://github.com/googleads/swift-package-manager-google-mobile-ads.git";
			requirement = {
				kind = exactVersion;
				version = 11.5.0;
			};
		};
/* End XCRemoteSwiftPackageReference section */

/* Begin XCSwiftPackageProductDependency section */
		1618B3CC2CE2A2AA001A6019 /* GoogleMobileAds */ = {
			isa = XCSwiftPackageProductDependency;
			package = 1618B3CB2CE2A2AA001A6019 /* XCRemoteSwiftPackageReference "swift-package-manager-google-mobile-ads" */;
			productName = GoogleMobileAds;
		};
/* End XCSwiftPackageProductDependency section */
	};
	rootObject = 1618B3752CE1271A001A6019 /* Project object */;
}
